// !$*UTF8*$!
{
	archiveVersion = 1;
	classes = {
	};
	objectVersion = 56;
	objects = {

/* Begin PBXBuildFile section */
		7600AEEC2A9450C1006D8CA6 /* Binding+isPresent.swift in Sources */ = {isa = PBXBuildFile; fileRef = 7600AEEB2A9450C1006D8CA6 /* Binding+isPresent.swift */; };
		7600AEEE2A946572006D8CA6 /* ShakeResponder.swift in Sources */ = {isa = PBXBuildFile; fileRef = 7600AEED2A946572006D8CA6 /* ShakeResponder.swift */; };
		761FDF682A75F3BB00EB6D05 /* MatchView.swift in Sources */ = {isa = PBXBuildFile; fileRef = 761FDF672A75F3BB00EB6D05 /* MatchView.swift */; };
		761FDF782A77191300EB6D05 /* Schwingfest.swift in Sources */ = {isa = PBXBuildFile; fileRef = 761FDF712A77191300EB6D05 /* Schwingfest.swift */; };
		761FDF792A77191300EB6D05 /* Result.swift in Sources */ = {isa = PBXBuildFile; fileRef = 761FDF722A77191300EB6D05 /* Result.swift */; };
		761FDF7A2A77191300EB6D05 /* Match.swift in Sources */ = {isa = PBXBuildFile; fileRef = 761FDF732A77191300EB6D05 /* Match.swift */; };
		761FDF7B2A77191300EB6D05 /* Scorecard.swift in Sources */ = {isa = PBXBuildFile; fileRef = 761FDF742A77191300EB6D05 /* Scorecard.swift */; };
		761FDF7C2A77191300EB6D05 /* AgeGroup.swift in Sources */ = {isa = PBXBuildFile; fileRef = 761FDF752A77191300EB6D05 /* AgeGroup.swift */; };
		761FDF7D2A77191300EB6D05 /* Schwinger.swift in Sources */ = {isa = PBXBuildFile; fileRef = 761FDF762A77191300EB6D05 /* Schwinger.swift */; };
		76563C222A7F6263001E26CB /* DataManager.swift in Sources */ = {isa = PBXBuildFile; fileRef = 76563C212A7F6263001E26CB /* DataManager.swift */; };
		7664E35F2A9E648E0034085F /* ClubPicker.swift in Sources */ = {isa = PBXBuildFile; fileRef = 7664E35E2A9E648E0034085F /* ClubPicker.swift */; };
		766BCB062A6DFC4E002700AF /* Schwinger+FullName.swift in Sources */ = {isa = PBXBuildFile; fileRef = 766BCB052A6DFC4E002700AF /* Schwinger+FullName.swift */; };
		766BCB092A6E0277002700AF /* Date+Year.swift in Sources */ = {isa = PBXBuildFile; fileRef = 766BCB082A6E0277002700AF /* Date+Year.swift */; };
		766BCB0C2A6E0856002700AF /* ConfirmDeleteViewModifier.swift in Sources */ = {isa = PBXBuildFile; fileRef = 766BCB0B2A6E0856002700AF /* ConfirmDeleteViewModifier.swift */; };
		7679D44F2A8D3BB200CA9888 /* String+NonNil.swift in Sources */ = {isa = PBXBuildFile; fileRef = 7679D44E2A8D3BB200CA9888 /* String+NonNil.swift */; };
		76BEA8212A6BB16E00987CBD /* SchwingfestList.swift in Sources */ = {isa = PBXBuildFile; fileRef = 76BEA8202A6BB16E00987CBD /* SchwingfestList.swift */; };
		76BEA8232A6BB99700987CBD /* AddSchwingfestView.swift in Sources */ = {isa = PBXBuildFile; fileRef = 76BEA8222A6BB99700987CBD /* AddSchwingfestView.swift */; };
		76BEA8272A6BE28A00987CBD /* SchwingfestView.swift in Sources */ = {isa = PBXBuildFile; fileRef = 76BEA8262A6BE28A00987CBD /* SchwingfestView.swift */; };
		76BEA8292A6BE43300987CBD /* ScorecardView.swift in Sources */ = {isa = PBXBuildFile; fileRef = 76BEA8282A6BE43300987CBD /* ScorecardView.swift */; };
		76BF60582A8C8FCC003D2EE2 /* RealmSwift in Frameworks */ = {isa = PBXBuildFile; productRef = 76BF60572A8C8FCC003D2EE2 /* RealmSwift */; };
		76BF606F2A8C9495003D2EE2 /* Result.swift in Sources */ = {isa = PBXBuildFile; fileRef = 76BF60622A8C948C003D2EE2 /* Result.swift */; };
		76BF60702A8C9495003D2EE2 /* Match.swift in Sources */ = {isa = PBXBuildFile; fileRef = 76BF60632A8C948C003D2EE2 /* Match.swift */; };
		76BF60712A8C9495003D2EE2 /* Schwinger.swift in Sources */ = {isa = PBXBuildFile; fileRef = 76BF60672A8C948C003D2EE2 /* Schwinger.swift */; };
		76BF60722A8C9495003D2EE2 /* Schwingfest.swift in Sources */ = {isa = PBXBuildFile; fileRef = 76BF60612A8C948C003D2EE2 /* Schwingfest.swift */; };
		76BF60732A8C9495003D2EE2 /* ScoreCard.swift in Sources */ = {isa = PBXBuildFile; fileRef = 76BF60652A8C948C003D2EE2 /* ScoreCard.swift */; };
		76BF60742A8C9495003D2EE2 /* MockData.swift in Sources */ = {isa = PBXBuildFile; fileRef = 76BF60642A8C948C003D2EE2 /* MockData.swift */; };
		76BF60752A8C9495003D2EE2 /* AgeGroup.swift in Sources */ = {isa = PBXBuildFile; fileRef = 76BF60662A8C948C003D2EE2 /* AgeGroup.swift */; };
		76BF60772A8CAF20003D2EE2 /* AddScorecardView.swift in Sources */ = {isa = PBXBuildFile; fileRef = 76BF60762A8CAF20003D2EE2 /* AddScorecardView.swift */; };
		76CCB89C2A94145100AE10F8 /* AddAgeGroupCell.swift in Sources */ = {isa = PBXBuildFile; fileRef = 76CCB89B2A94145100AE10F8 /* AddAgeGroupCell.swift */; };
		76CCB89E2A941BB900AE10F8 /* AddMatchView.swift in Sources */ = {isa = PBXBuildFile; fileRef = 76CCB89D2A941BB900AE10F8 /* AddMatchView.swift */; };
		76CCB8A02A941BEC00AE10F8 /* ResultPicker.swift in Sources */ = {isa = PBXBuildFile; fileRef = 76CCB89F2A941BEC00AE10F8 /* ResultPicker.swift */; };
		76E026B42A4145420018A955 /* RanglisteApp.swift in Sources */ = {isa = PBXBuildFile; fileRef = 76E026B32A4145420018A955 /* RanglisteApp.swift */; };
		76E026B82A4145430018A955 /* Assets.xcassets in Resources */ = {isa = PBXBuildFile; fileRef = 76E026B72A4145430018A955 /* Assets.xcassets */; };
		76E026BB2A4145430018A955 /* Preview Assets.xcassets in Resources */ = {isa = PBXBuildFile; fileRef = 76E026BA2A4145430018A955 /* Preview Assets.xcassets */; };
		76E026D02A43DC910018A955 /* MockData.swift in Sources */ = {isa = PBXBuildFile; fileRef = 76E026CF2A43DC910018A955 /* MockData.swift */; };
		76E026D42A43DCF60018A955 /* RanglisteView.swift in Sources */ = {isa = PBXBuildFile; fileRef = 76E026D32A43DCF60018A955 /* RanglisteView.swift */; };
		76E026D62A43E2960018A955 /* WebView.swift in Sources */ = {isa = PBXBuildFile; fileRef = 76E026D52A43E2960018A955 /* WebView.swift */; };
		76E108552A8DBDD600A18600 /* Protocols.swift in Sources */ = {isa = PBXBuildFile; fileRef = 76E108542A8DBDD600A18600 /* Protocols.swift */; };
		76F54E6B2A931359005D4E81 /* OrderedSet+IndexSet.swift in Sources */ = {isa = PBXBuildFile; fileRef = 76F54E6A2A931359005D4E81 /* OrderedSet+IndexSet.swift */; };
		76F54E6E2A93D967005D4E81 /* OrderedCollections in Frameworks */ = {isa = PBXBuildFile; productRef = 76F54E6D2A93D967005D4E81 /* OrderedCollections */; };
		76F54E762A93E338005D4E81 /* MockDataTests.swift in Sources */ = {isa = PBXBuildFile; fileRef = 76F54E752A93E338005D4E81 /* MockDataTests.swift */; };
/* End PBXBuildFile section */

/* Begin PBXContainerItemProxy section */
		76F54E772A93E338005D4E81 /* PBXContainerItemProxy */ = {
			isa = PBXContainerItemProxy;
			containerPortal = 76E026A82A4145420018A955 /* Project object */;
			proxyType = 1;
			remoteGlobalIDString = 76E026AF2A4145420018A955;
			remoteInfo = Rangliste;
		};
/* End PBXContainerItemProxy section */

/* Begin PBXCopyFilesBuildPhase section */
		76BF60482A8C8F04003D2EE2 /* CopyFiles */ = {
			isa = PBXCopyFilesBuildPhase;
			buildActionMask = 2147483647;
			dstPath = "include/$(PRODUCT_NAME)";
			dstSubfolderSpec = 16;
			files = (
			);
			runOnlyForDeploymentPostprocessing = 0;
		};
/* End PBXCopyFilesBuildPhase section */

/* Begin PBXFileReference section */
		7600AEEB2A9450C1006D8CA6 /* Binding+isPresent.swift */ = {isa = PBXFileReference; lastKnownFileType = sourcecode.swift; path = "Binding+isPresent.swift"; sourceTree = "<group>"; };
		7600AEED2A946572006D8CA6 /* ShakeResponder.swift */ = {isa = PBXFileReference; lastKnownFileType = sourcecode.swift; path = ShakeResponder.swift; sourceTree = "<group>"; };
		761FDF672A75F3BB00EB6D05 /* MatchView.swift */ = {isa = PBXFileReference; lastKnownFileType = sourcecode.swift; path = MatchView.swift; sourceTree = "<group>"; };
		761FDF712A77191300EB6D05 /* Schwingfest.swift */ = {isa = PBXFileReference; fileEncoding = 4; lastKnownFileType = sourcecode.swift; path = Schwingfest.swift; sourceTree = "<group>"; };
		761FDF722A77191300EB6D05 /* Result.swift */ = {isa = PBXFileReference; fileEncoding = 4; lastKnownFileType = sourcecode.swift; path = Result.swift; sourceTree = "<group>"; };
		761FDF732A77191300EB6D05 /* Match.swift */ = {isa = PBXFileReference; fileEncoding = 4; lastKnownFileType = sourcecode.swift; path = Match.swift; sourceTree = "<group>"; };
		761FDF742A77191300EB6D05 /* Scorecard.swift */ = {isa = PBXFileReference; fileEncoding = 4; lastKnownFileType = sourcecode.swift; path = Scorecard.swift; sourceTree = "<group>"; };
		761FDF752A77191300EB6D05 /* AgeGroup.swift */ = {isa = PBXFileReference; fileEncoding = 4; lastKnownFileType = sourcecode.swift; path = AgeGroup.swift; sourceTree = "<group>"; };
		761FDF762A77191300EB6D05 /* Schwinger.swift */ = {isa = PBXFileReference; fileEncoding = 4; lastKnownFileType = sourcecode.swift; path = Schwinger.swift; sourceTree = "<group>"; };
		76563C212A7F6263001E26CB /* DataManager.swift */ = {isa = PBXFileReference; lastKnownFileType = sourcecode.swift; path = DataManager.swift; sourceTree = "<group>"; };
		7664E35E2A9E648E0034085F /* ClubPicker.swift */ = {isa = PBXFileReference; lastKnownFileType = sourcecode.swift; path = ClubPicker.swift; sourceTree = "<group>"; };
		766BCB052A6DFC4E002700AF /* Schwinger+FullName.swift */ = {isa = PBXFileReference; lastKnownFileType = sourcecode.swift; path = "Schwinger+FullName.swift"; sourceTree = "<group>"; };
		766BCB082A6E0277002700AF /* Date+Year.swift */ = {isa = PBXFileReference; lastKnownFileType = sourcecode.swift; path = "Date+Year.swift"; sourceTree = "<group>"; };
		766BCB0B2A6E0856002700AF /* ConfirmDeleteViewModifier.swift */ = {isa = PBXFileReference; lastKnownFileType = sourcecode.swift; path = ConfirmDeleteViewModifier.swift; sourceTree = "<group>"; };
		7679D44E2A8D3BB200CA9888 /* String+NonNil.swift */ = {isa = PBXFileReference; lastKnownFileType = sourcecode.swift; path = "String+NonNil.swift"; sourceTree = "<group>"; };
		76BEA8202A6BB16E00987CBD /* SchwingfestList.swift */ = {isa = PBXFileReference; lastKnownFileType = sourcecode.swift; path = SchwingfestList.swift; sourceTree = "<group>"; };
		76BEA8222A6BB99700987CBD /* AddSchwingfestView.swift */ = {isa = PBXFileReference; lastKnownFileType = sourcecode.swift; path = AddSchwingfestView.swift; sourceTree = "<group>"; };
		76BEA8262A6BE28A00987CBD /* SchwingfestView.swift */ = {isa = PBXFileReference; lastKnownFileType = sourcecode.swift; path = SchwingfestView.swift; sourceTree = "<group>"; };
		76BEA8282A6BE43300987CBD /* ScorecardView.swift */ = {isa = PBXFileReference; lastKnownFileType = sourcecode.swift; path = ScorecardView.swift; sourceTree = "<group>"; };
		76BF604A2A8C8F04003D2EE2 /* libRealmModels.a */ = {isa = PBXFileReference; explicitFileType = archive.ar; includeInIndex = 0; path = libRealmModels.a; sourceTree = BUILT_PRODUCTS_DIR; };
		76BF60612A8C948C003D2EE2 /* Schwingfest.swift */ = {isa = PBXFileReference; fileEncoding = 4; lastKnownFileType = sourcecode.swift; path = Schwingfest.swift; sourceTree = "<group>"; };
		76BF60622A8C948C003D2EE2 /* Result.swift */ = {isa = PBXFileReference; fileEncoding = 4; lastKnownFileType = sourcecode.swift; path = Result.swift; sourceTree = "<group>"; };
		76BF60632A8C948C003D2EE2 /* Match.swift */ = {isa = PBXFileReference; fileEncoding = 4; lastKnownFileType = sourcecode.swift; path = Match.swift; sourceTree = "<group>"; };
		76BF60642A8C948C003D2EE2 /* MockData.swift */ = {isa = PBXFileReference; fileEncoding = 4; lastKnownFileType = sourcecode.swift; path = MockData.swift; sourceTree = "<group>"; };
		76BF60652A8C948C003D2EE2 /* ScoreCard.swift */ = {isa = PBXFileReference; fileEncoding = 4; lastKnownFileType = sourcecode.swift; path = ScoreCard.swift; sourceTree = "<group>"; };
		76BF60662A8C948C003D2EE2 /* AgeGroup.swift */ = {isa = PBXFileReference; fileEncoding = 4; lastKnownFileType = sourcecode.swift; path = AgeGroup.swift; sourceTree = "<group>"; };
		76BF60672A8C948C003D2EE2 /* Schwinger.swift */ = {isa = PBXFileReference; fileEncoding = 4; lastKnownFileType = sourcecode.swift; path = Schwinger.swift; sourceTree = "<group>"; };
		76BF60762A8CAF20003D2EE2 /* AddScorecardView.swift */ = {isa = PBXFileReference; lastKnownFileType = sourcecode.swift; path = AddScorecardView.swift; sourceTree = "<group>"; };
		76CCB89B2A94145100AE10F8 /* AddAgeGroupCell.swift */ = {isa = PBXFileReference; lastKnownFileType = sourcecode.swift; path = AddAgeGroupCell.swift; sourceTree = "<group>"; };
		76CCB89D2A941BB900AE10F8 /* AddMatchView.swift */ = {isa = PBXFileReference; lastKnownFileType = sourcecode.swift; path = AddMatchView.swift; sourceTree = "<group>"; };
		76CCB89F2A941BEC00AE10F8 /* ResultPicker.swift */ = {isa = PBXFileReference; lastKnownFileType = sourcecode.swift; path = ResultPicker.swift; sourceTree = "<group>"; };
		76CCB8A12A941F5400AE10F8 /* Rangliste.xctestplan */ = {isa = PBXFileReference; lastKnownFileType = text; path = Rangliste.xctestplan; sourceTree = "<group>"; };
		76E026B02A4145420018A955 /* Rangliste.app */ = {isa = PBXFileReference; explicitFileType = wrapper.application; includeInIndex = 0; path = Rangliste.app; sourceTree = BUILT_PRODUCTS_DIR; };
		76E026B32A4145420018A955 /* RanglisteApp.swift */ = {isa = PBXFileReference; lastKnownFileType = sourcecode.swift; path = RanglisteApp.swift; sourceTree = "<group>"; };
		76E026B72A4145430018A955 /* Assets.xcassets */ = {isa = PBXFileReference; lastKnownFileType = folder.assetcatalog; path = Assets.xcassets; sourceTree = "<group>"; };
		76E026BA2A4145430018A955 /* Preview Assets.xcassets */ = {isa = PBXFileReference; lastKnownFileType = folder.assetcatalog; path = "Preview Assets.xcassets"; sourceTree = "<group>"; };
		76E026CF2A43DC910018A955 /* MockData.swift */ = {isa = PBXFileReference; lastKnownFileType = sourcecode.swift; path = MockData.swift; sourceTree = "<group>"; };
		76E026D32A43DCF60018A955 /* RanglisteView.swift */ = {isa = PBXFileReference; lastKnownFileType = sourcecode.swift; path = RanglisteView.swift; sourceTree = "<group>"; };
		76E026D52A43E2960018A955 /* WebView.swift */ = {isa = PBXFileReference; lastKnownFileType = sourcecode.swift; path = WebView.swift; sourceTree = "<group>"; };
		76E108542A8DBDD600A18600 /* Protocols.swift */ = {isa = PBXFileReference; lastKnownFileType = sourcecode.swift; path = Protocols.swift; sourceTree = "<group>"; };
		76F54E6A2A931359005D4E81 /* OrderedSet+IndexSet.swift */ = {isa = PBXFileReference; lastKnownFileType = sourcecode.swift; path = "OrderedSet+IndexSet.swift"; sourceTree = "<group>"; };
		76F54E732A93E338005D4E81 /* RanglisteTests.xctest */ = {isa = PBXFileReference; explicitFileType = wrapper.cfbundle; includeInIndex = 0; path = RanglisteTests.xctest; sourceTree = BUILT_PRODUCTS_DIR; };
		76F54E752A93E338005D4E81 /* MockDataTests.swift */ = {isa = PBXFileReference; lastKnownFileType = sourcecode.swift; path = MockDataTests.swift; sourceTree = "<group>"; };
/* End PBXFileReference section */

/* Begin PBXFrameworksBuildPhase section */
		76BF60472A8C8F04003D2EE2 /* Frameworks */ = {
			isa = PBXFrameworksBuildPhase;
			buildActionMask = 2147483647;
			files = (
				76BF60582A8C8FCC003D2EE2 /* RealmSwift in Frameworks */,
			);
			runOnlyForDeploymentPostprocessing = 0;
		};
		76E026AD2A4145420018A955 /* Frameworks */ = {
			isa = PBXFrameworksBuildPhase;
			buildActionMask = 2147483647;
			files = (
				76F54E6E2A93D967005D4E81 /* OrderedCollections in Frameworks */,
			);
			runOnlyForDeploymentPostprocessing = 0;
		};
		76F54E702A93E338005D4E81 /* Frameworks */ = {
			isa = PBXFrameworksBuildPhase;
			buildActionMask = 2147483647;
			files = (
			);
			runOnlyForDeploymentPostprocessing = 0;
		};
/* End PBXFrameworksBuildPhase section */

/* Begin PBXGroup section */
		761FDF6C2A77191300EB6D05 /* Model */ = {
			isa = PBXGroup;
			children = (
				76BF60602A8C948C003D2EE2 /* Realm */,
				761FDF702A77191300EB6D05 /* Domain */,
				76563C212A7F6263001E26CB /* DataManager.swift */,
			);
			path = Model;
			sourceTree = "<group>";
		};
		761FDF702A77191300EB6D05 /* Domain */ = {
			isa = PBXGroup;
			children = (
				761FDF752A77191300EB6D05 /* AgeGroup.swift */,
				761FDF732A77191300EB6D05 /* Match.swift */,
				761FDF722A77191300EB6D05 /* Result.swift */,
				761FDF762A77191300EB6D05 /* Schwinger.swift */,
				761FDF712A77191300EB6D05 /* Schwingfest.swift */,
				761FDF742A77191300EB6D05 /* Scorecard.swift */,
			);
			path = Domain;
			sourceTree = "<group>";
		};
		766BCB072A6DFC57002700AF /* Presentation Extensions */ = {
			isa = PBXGroup;
			children = (
				766BCB052A6DFC4E002700AF /* Schwinger+FullName.swift */,
				7679D44E2A8D3BB200CA9888 /* String+NonNil.swift */,
				7600AEED2A946572006D8CA6 /* ShakeResponder.swift */,
			);
			path = "Presentation Extensions";
			sourceTree = "<group>";
		};
		766BCB0A2A6E0280002700AF /* Extensions */ = {
			isa = PBXGroup;
			children = (
				766BCB082A6E0277002700AF /* Date+Year.swift */,
				766BCB0B2A6E0856002700AF /* ConfirmDeleteViewModifier.swift */,
				76F54E6A2A931359005D4E81 /* OrderedSet+IndexSet.swift */,
				7600AEEB2A9450C1006D8CA6 /* Binding+isPresent.swift */,
			);
			path = Extensions;
			sourceTree = "<group>";
		};
		76BF605C2A8C943B003D2EE2 /* Frameworks */ = {
			isa = PBXGroup;
			children = (
			);
			name = Frameworks;
			sourceTree = "<group>";
		};
		76BF60602A8C948C003D2EE2 /* Realm */ = {
			isa = PBXGroup;
			children = (
				76BF60662A8C948C003D2EE2 /* AgeGroup.swift */,
				76BF60632A8C948C003D2EE2 /* Match.swift */,
				76BF60642A8C948C003D2EE2 /* MockData.swift */,
				76BF60622A8C948C003D2EE2 /* Result.swift */,
				76BF60672A8C948C003D2EE2 /* Schwinger.swift */,
				76BF60612A8C948C003D2EE2 /* Schwingfest.swift */,
				76BF60652A8C948C003D2EE2 /* ScoreCard.swift */,
			);
			path = Realm;
			sourceTree = "<group>";
		};
		76E026A72A4145420018A955 = {
			isa = PBXGroup;
			children = (
				76CCB8A12A941F5400AE10F8 /* Rangliste.xctestplan */,
				76E026B22A4145420018A955 /* Rangliste */,
				76E026B92A4145430018A955 /* Preview Content */,
				76F54E742A93E338005D4E81 /* RanglisteTests */,
				76E026B12A4145420018A955 /* Products */,
				76BF605C2A8C943B003D2EE2 /* Frameworks */,
			);
			sourceTree = "<group>";
		};
		76E026B12A4145420018A955 /* Products */ = {
			isa = PBXGroup;
			children = (
				76E026B02A4145420018A955 /* Rangliste.app */,
				76BF604A2A8C8F04003D2EE2 /* libRealmModels.a */,
				76F54E732A93E338005D4E81 /* RanglisteTests.xctest */,
			);
			name = Products;
			sourceTree = "<group>";
		};
		76E026B22A4145420018A955 /* Rangliste */ = {
			isa = PBXGroup;
			children = (
				76E026B32A4145420018A955 /* RanglisteApp.swift */,
				76E026B72A4145430018A955 /* Assets.xcassets */,
				76E108532A8DBDC300A18600 /* Application */,
				766BCB0A2A6E0280002700AF /* Extensions */,
				761FDF6C2A77191300EB6D05 /* Model */,
				766BCB072A6DFC57002700AF /* Presentation Extensions */,
				76E026D72A43E32C0018A955 /* Views */,
			);
			path = Rangliste;
			sourceTree = "<group>";
		};
		76E026B92A4145430018A955 /* Preview Content */ = {
			isa = PBXGroup;
			children = (
				76E026BA2A4145430018A955 /* Preview Assets.xcassets */,
				76E026CE2A43DC7B0018A955 /* MockData */,
			);
			path = "Preview Content";
			sourceTree = "<group>";
		};
		76E026CE2A43DC7B0018A955 /* MockData */ = {
			isa = PBXGroup;
			children = (
				76E026CF2A43DC910018A955 /* MockData.swift */,
			);
			path = MockData;
			sourceTree = "<group>";
		};
		76E026D72A43E32C0018A955 /* Views */ = {
			isa = PBXGroup;
			children = (
				76CCB89B2A94145100AE10F8 /* AddAgeGroupCell.swift */,
				76CCB89D2A941BB900AE10F8 /* AddMatchView.swift */,
				76BEA8222A6BB99700987CBD /* AddSchwingfestView.swift */,
				76BF60762A8CAF20003D2EE2 /* AddScorecardView.swift */,
				7664E35E2A9E648E0034085F /* ClubPicker.swift */,
				761FDF672A75F3BB00EB6D05 /* MatchView.swift */,
				76E026D32A43DCF60018A955 /* RanglisteView.swift */,
				76CCB89F2A941BEC00AE10F8 /* ResultPicker.swift */,
				76BEA8202A6BB16E00987CBD /* SchwingfestList.swift */,
				76BEA8262A6BE28A00987CBD /* SchwingfestView.swift */,
				76BEA8282A6BE43300987CBD /* ScorecardView.swift */,
				76E026D52A43E2960018A955 /* WebView.swift */,
			);
			path = Views;
			sourceTree = "<group>";
		};
		76E108532A8DBDC300A18600 /* Application */ = {
			isa = PBXGroup;
			children = (
				76E108542A8DBDD600A18600 /* Protocols.swift */,
			);
			path = Application;
			sourceTree = "<group>";
		};
		76F54E742A93E338005D4E81 /* RanglisteTests */ = {
			isa = PBXGroup;
			children = (
				76F54E752A93E338005D4E81 /* MockDataTests.swift */,
			);
			path = RanglisteTests;
			sourceTree = "<group>";
		};
/* End PBXGroup section */

/* Begin PBXNativeTarget section */
		76BF60492A8C8F04003D2EE2 /* RealmModels */ = {
			isa = PBXNativeTarget;
			buildConfigurationList = 76BF604E2A8C8F04003D2EE2 /* Build configuration list for PBXNativeTarget "RealmModels" */;
			buildPhases = (
				76BF60462A8C8F04003D2EE2 /* Sources */,
				76BF60472A8C8F04003D2EE2 /* Frameworks */,
				76BF60482A8C8F04003D2EE2 /* CopyFiles */,
			);
			buildRules = (
			);
			dependencies = (
			);
			name = RealmModels;
			packageProductDependencies = (
				76BF60572A8C8FCC003D2EE2 /* RealmSwift */,
			);
			productName = RealmModels;
			productReference = 76BF604A2A8C8F04003D2EE2 /* libRealmModels.a */;
			productType = "com.apple.product-type.library.static";
		};
		76E026AF2A4145420018A955 /* Rangliste */ = {
			isa = PBXNativeTarget;
			buildConfigurationList = 76E026BE2A4145430018A955 /* Build configuration list for PBXNativeTarget "Rangliste" */;
			buildPhases = (
				76E026AC2A4145420018A955 /* Sources */,
				76E026AD2A4145420018A955 /* Frameworks */,
				76E026AE2A4145420018A955 /* Resources */,
			);
			buildRules = (
			);
			dependencies = (
			);
			name = Rangliste;
			packageProductDependencies = (
				76F54E6D2A93D967005D4E81 /* OrderedCollections */,
			);
			productName = Rangliste;
			productReference = 76E026B02A4145420018A955 /* Rangliste.app */;
			productType = "com.apple.product-type.application";
		};
		76F54E722A93E338005D4E81 /* RanglisteTests */ = {
			isa = PBXNativeTarget;
			buildConfigurationList = 76F54E792A93E338005D4E81 /* Build configuration list for PBXNativeTarget "RanglisteTests" */;
			buildPhases = (
				76F54E6F2A93E338005D4E81 /* Sources */,
				76F54E702A93E338005D4E81 /* Frameworks */,
				76F54E712A93E338005D4E81 /* Resources */,
			);
			buildRules = (
			);
			dependencies = (
				76F54E782A93E338005D4E81 /* PBXTargetDependency */,
			);
			name = RanglisteTests;
			packageProductDependencies = (
			);
			productName = RanglisteTests;
			productReference = 76F54E732A93E338005D4E81 /* RanglisteTests.xctest */;
			productType = "com.apple.product-type.bundle.unit-test";
		};
/* End PBXNativeTarget section */

/* Begin PBXProject section */
		76E026A82A4145420018A955 /* Project object */ = {
			isa = PBXProject;
			attributes = {
				BuildIndependentTargetsInParallel = 1;
				LastSwiftUpdateCheck = 1500;
				LastUpgradeCheck = 1430;
				TargetAttributes = {
					76BF60492A8C8F04003D2EE2 = {
						CreatedOnToolsVersion = 14.3;
					};
					76E026AF2A4145420018A955 = {
						CreatedOnToolsVersion = 14.3;
					};
					76F54E722A93E338005D4E81 = {
						CreatedOnToolsVersion = 15.0;
						TestTargetID = 76E026AF2A4145420018A955;
					};
				};
			};
			buildConfigurationList = 76E026AB2A4145420018A955 /* Build configuration list for PBXProject "Rangliste" */;
			compatibilityVersion = "Xcode 14.0";
			developmentRegion = en;
			hasScannedForEncodings = 0;
			knownRegions = (
				en,
				Base,
			);
			mainGroup = 76E026A72A4145420018A955;
			packageReferences = (
				76BF60402A8C8E57003D2EE2 /* XCRemoteSwiftPackageReference "realm-swift" */,
				76F54E6C2A93D967005D4E81 /* XCRemoteSwiftPackageReference "swift-collections" */,
			);
			productRefGroup = 76E026B12A4145420018A955 /* Products */;
			projectDirPath = "";
			projectRoot = "";
			targets = (
				76E026AF2A4145420018A955 /* Rangliste */,
				76BF60492A8C8F04003D2EE2 /* RealmModels */,
				76F54E722A93E338005D4E81 /* RanglisteTests */,
			);
		};
/* End PBXProject section */

/* Begin PBXResourcesBuildPhase section */
		76E026AE2A4145420018A955 /* Resources */ = {
			isa = PBXResourcesBuildPhase;
			buildActionMask = 2147483647;
			files = (
				76E026BB2A4145430018A955 /* Preview Assets.xcassets in Resources */,
				76E026B82A4145430018A955 /* Assets.xcassets in Resources */,
			);
			runOnlyForDeploymentPostprocessing = 0;
		};
		76F54E712A93E338005D4E81 /* Resources */ = {
			isa = PBXResourcesBuildPhase;
			buildActionMask = 2147483647;
			files = (
			);
			runOnlyForDeploymentPostprocessing = 0;
		};
/* End PBXResourcesBuildPhase section */

/* Begin PBXSourcesBuildPhase section */
		76BF60462A8C8F04003D2EE2 /* Sources */ = {
			isa = PBXSourcesBuildPhase;
			buildActionMask = 2147483647;
			files = (
				76BF606F2A8C9495003D2EE2 /* Result.swift in Sources */,
				76BF60742A8C9495003D2EE2 /* MockData.swift in Sources */,
				76BF60722A8C9495003D2EE2 /* Schwingfest.swift in Sources */,
				76BF60752A8C9495003D2EE2 /* AgeGroup.swift in Sources */,
				76BF60702A8C9495003D2EE2 /* Match.swift in Sources */,
				76BF60712A8C9495003D2EE2 /* Schwinger.swift in Sources */,
				76BF60732A8C9495003D2EE2 /* ScoreCard.swift in Sources */,
			);
			runOnlyForDeploymentPostprocessing = 0;
		};
		76E026AC2A4145420018A955 /* Sources */ = {
			isa = PBXSourcesBuildPhase;
			buildActionMask = 2147483647;
			files = (
				76BEA8292A6BE43300987CBD /* ScorecardView.swift in Sources */,
				76F54E6B2A931359005D4E81 /* OrderedSet+IndexSet.swift in Sources */,
				76E026D42A43DCF60018A955 /* RanglisteView.swift in Sources */,
				76CCB89C2A94145100AE10F8 /* AddAgeGroupCell.swift in Sources */,
				766BCB0C2A6E0856002700AF /* ConfirmDeleteViewModifier.swift in Sources */,
				7600AEEE2A946572006D8CA6 /* ShakeResponder.swift in Sources */,
				76E108552A8DBDD600A18600 /* Protocols.swift in Sources */,
				761FDF7A2A77191300EB6D05 /* Match.swift in Sources */,
				761FDF782A77191300EB6D05 /* Schwingfest.swift in Sources */,
				761FDF7D2A77191300EB6D05 /* Schwinger.swift in Sources */,
				76BEA8212A6BB16E00987CBD /* SchwingfestList.swift in Sources */,
				761FDF682A75F3BB00EB6D05 /* MatchView.swift in Sources */,
				761FDF792A77191300EB6D05 /* Result.swift in Sources */,
				76BEA8232A6BB99700987CBD /* AddSchwingfestView.swift in Sources */,
				7679D44F2A8D3BB200CA9888 /* String+NonNil.swift in Sources */,
				76E026D02A43DC910018A955 /* MockData.swift in Sources */,
				76BF60772A8CAF20003D2EE2 /* AddScorecardView.swift in Sources */,
				761FDF7B2A77191300EB6D05 /* Scorecard.swift in Sources */,
				761FDF7C2A77191300EB6D05 /* AgeGroup.swift in Sources */,
				76E026B42A4145420018A955 /* RanglisteApp.swift in Sources */,
				7600AEEC2A9450C1006D8CA6 /* Binding+isPresent.swift in Sources */,
				76CCB89E2A941BB900AE10F8 /* AddMatchView.swift in Sources */,
				76CCB8A02A941BEC00AE10F8 /* ResultPicker.swift in Sources */,
				76563C222A7F6263001E26CB /* DataManager.swift in Sources */,
				76BEA8272A6BE28A00987CBD /* SchwingfestView.swift in Sources */,
				766BCB092A6E0277002700AF /* Date+Year.swift in Sources */,
				76E026D62A43E2960018A955 /* WebView.swift in Sources */,
				7664E35F2A9E648E0034085F /* ClubPicker.swift in Sources */,
				766BCB062A6DFC4E002700AF /* Schwinger+FullName.swift in Sources */,
			);
			runOnlyForDeploymentPostprocessing = 0;
		};
		76F54E6F2A93E338005D4E81 /* Sources */ = {
			isa = PBXSourcesBuildPhase;
			buildActionMask = 2147483647;
			files = (
				76F54E762A93E338005D4E81 /* MockDataTests.swift in Sources */,
			);
			runOnlyForDeploymentPostprocessing = 0;
		};
/* End PBXSourcesBuildPhase section */

/* Begin PBXTargetDependency section */
		76F54E782A93E338005D4E81 /* PBXTargetDependency */ = {
			isa = PBXTargetDependency;
			target = 76E026AF2A4145420018A955 /* Rangliste */;
			targetProxy = 76F54E772A93E338005D4E81 /* PBXContainerItemProxy */;
		};
/* End PBXTargetDependency section */

/* Begin XCBuildConfiguration section */
		76BF604F2A8C8F04003D2EE2 /* Debug */ = {
			isa = XCBuildConfiguration;
			buildSettings = {
				CODE_SIGN_STYLE = Automatic;
				DEVELOPMENT_TEAM = S2X9VNR2UC;
				OTHER_LDFLAGS = "-ObjC";
				PRODUCT_NAME = "$(TARGET_NAME)";
				SKIP_INSTALL = YES;
				SWIFT_VERSION = 5.0;
				TARGETED_DEVICE_FAMILY = "1,2";
			};
			name = Debug;
		};
		76BF60502A8C8F04003D2EE2 /* Release */ = {
			isa = XCBuildConfiguration;
			buildSettings = {
				CODE_SIGN_STYLE = Automatic;
				DEVELOPMENT_TEAM = S2X9VNR2UC;
				OTHER_LDFLAGS = "-ObjC";
				PRODUCT_NAME = "$(TARGET_NAME)";
				SKIP_INSTALL = YES;
				SWIFT_VERSION = 5.0;
				TARGETED_DEVICE_FAMILY = "1,2";
			};
			name = Release;
		};
		76E026BC2A4145430018A955 /* Debug */ = {
			isa = XCBuildConfiguration;
			buildSettings = {
				ALWAYS_SEARCH_USER_PATHS = NO;
				CLANG_ANALYZER_NONNULL = YES;
				CLANG_ANALYZER_NUMBER_OBJECT_CONVERSION = YES_AGGRESSIVE;
				CLANG_CXX_LANGUAGE_STANDARD = "gnu++20";
				CLANG_ENABLE_MODULES = YES;
				CLANG_ENABLE_OBJC_ARC = YES;
				CLANG_ENABLE_OBJC_WEAK = YES;
				CLANG_WARN_BLOCK_CAPTURE_AUTORELEASING = YES;
				CLANG_WARN_BOOL_CONVERSION = YES;
				CLANG_WARN_COMMA = YES;
				CLANG_WARN_CONSTANT_CONVERSION = YES;
				CLANG_WARN_DEPRECATED_OBJC_IMPLEMENTATIONS = YES;
				CLANG_WARN_DIRECT_OBJC_ISA_USAGE = YES_ERROR;
				CLANG_WARN_DOCUMENTATION_COMMENTS = YES;
				CLANG_WARN_EMPTY_BODY = YES;
				CLANG_WARN_ENUM_CONVERSION = YES;
				CLANG_WARN_INFINITE_RECURSION = YES;
				CLANG_WARN_INT_CONVERSION = YES;
				CLANG_WARN_NON_LITERAL_NULL_CONVERSION = YES;
				CLANG_WARN_OBJC_IMPLICIT_RETAIN_SELF = YES;
				CLANG_WARN_OBJC_LITERAL_CONVERSION = YES;
				CLANG_WARN_OBJC_ROOT_CLASS = YES_ERROR;
				CLANG_WARN_QUOTED_INCLUDE_IN_FRAMEWORK_HEADER = YES;
				CLANG_WARN_RANGE_LOOP_ANALYSIS = YES;
				CLANG_WARN_STRICT_PROTOTYPES = YES;
				CLANG_WARN_SUSPICIOUS_MOVE = YES;
				CLANG_WARN_UNGUARDED_AVAILABILITY = YES_AGGRESSIVE;
				CLANG_WARN_UNREACHABLE_CODE = YES;
				CLANG_WARN__DUPLICATE_METHOD_MATCH = YES;
				COPY_PHASE_STRIP = NO;
				DEBUG_INFORMATION_FORMAT = dwarf;
				ENABLE_STRICT_OBJC_MSGSEND = YES;
				ENABLE_TESTABILITY = YES;
				GCC_C_LANGUAGE_STANDARD = gnu11;
				GCC_DYNAMIC_NO_PIC = NO;
				GCC_NO_COMMON_BLOCKS = YES;
				GCC_OPTIMIZATION_LEVEL = 0;
				GCC_PREPROCESSOR_DEFINITIONS = (
					"DEBUG=1",
					"$(inherited)",
				);
				GCC_WARN_64_TO_32_BIT_CONVERSION = YES;
				GCC_WARN_ABOUT_RETURN_TYPE = YES_ERROR;
				GCC_WARN_UNDECLARED_SELECTOR = YES;
				GCC_WARN_UNINITIALIZED_AUTOS = YES_AGGRESSIVE;
				GCC_WARN_UNUSED_FUNCTION = YES;
				GCC_WARN_UNUSED_VARIABLE = YES;
				IPHONEOS_DEPLOYMENT_TARGET = 16.4;
				MTL_ENABLE_DEBUG_INFO = INCLUDE_SOURCE;
				MTL_FAST_MATH = YES;
				ONLY_ACTIVE_ARCH = YES;
				SDKROOT = iphoneos;
				SWIFT_ACTIVE_COMPILATION_CONDITIONS = DEBUG;
				SWIFT_OPTIMIZATION_LEVEL = "-Onone";
				SWIFT_STRICT_CONCURRENCY = complete;
			};
			name = Debug;
		};
		76E026BD2A4145430018A955 /* Release */ = {
			isa = XCBuildConfiguration;
			buildSettings = {
				ALWAYS_SEARCH_USER_PATHS = NO;
				CLANG_ANALYZER_NONNULL = YES;
				CLANG_ANALYZER_NUMBER_OBJECT_CONVERSION = YES_AGGRESSIVE;
				CLANG_CXX_LANGUAGE_STANDARD = "gnu++20";
				CLANG_ENABLE_MODULES = YES;
				CLANG_ENABLE_OBJC_ARC = YES;
				CLANG_ENABLE_OBJC_WEAK = YES;
				CLANG_WARN_BLOCK_CAPTURE_AUTORELEASING = YES;
				CLANG_WARN_BOOL_CONVERSION = YES;
				CLANG_WARN_COMMA = YES;
				CLANG_WARN_CONSTANT_CONVERSION = YES;
				CLANG_WARN_DEPRECATED_OBJC_IMPLEMENTATIONS = YES;
				CLANG_WARN_DIRECT_OBJC_ISA_USAGE = YES_ERROR;
				CLANG_WARN_DOCUMENTATION_COMMENTS = YES;
				CLANG_WARN_EMPTY_BODY = YES;
				CLANG_WARN_ENUM_CONVERSION = YES;
				CLANG_WARN_INFINITE_RECURSION = YES;
				CLANG_WARN_INT_CONVERSION = YES;
				CLANG_WARN_NON_LITERAL_NULL_CONVERSION = YES;
				CLANG_WARN_OBJC_IMPLICIT_RETAIN_SELF = YES;
				CLANG_WARN_OBJC_LITERAL_CONVERSION = YES;
				CLANG_WARN_OBJC_ROOT_CLASS = YES_ERROR;
				CLANG_WARN_QUOTED_INCLUDE_IN_FRAMEWORK_HEADER = YES;
				CLANG_WARN_RANGE_LOOP_ANALYSIS = YES;
				CLANG_WARN_STRICT_PROTOTYPES = YES;
				CLANG_WARN_SUSPICIOUS_MOVE = YES;
				CLANG_WARN_UNGUARDED_AVAILABILITY = YES_AGGRESSIVE;
				CLANG_WARN_UNREACHABLE_CODE = YES;
				CLANG_WARN__DUPLICATE_METHOD_MATCH = YES;
				COPY_PHASE_STRIP = NO;
				DEBUG_INFORMATION_FORMAT = "dwarf-with-dsym";
				ENABLE_NS_ASSERTIONS = NO;
				ENABLE_STRICT_OBJC_MSGSEND = YES;
				GCC_C_LANGUAGE_STANDARD = gnu11;
				GCC_NO_COMMON_BLOCKS = YES;
				GCC_WARN_64_TO_32_BIT_CONVERSION = YES;
				GCC_WARN_ABOUT_RETURN_TYPE = YES_ERROR;
				GCC_WARN_UNDECLARED_SELECTOR = YES;
				GCC_WARN_UNINITIALIZED_AUTOS = YES_AGGRESSIVE;
				GCC_WARN_UNUSED_FUNCTION = YES;
				GCC_WARN_UNUSED_VARIABLE = YES;
				IPHONEOS_DEPLOYMENT_TARGET = 16.4;
				MTL_ENABLE_DEBUG_INFO = NO;
				MTL_FAST_MATH = YES;
				SDKROOT = iphoneos;
				SWIFT_COMPILATION_MODE = wholemodule;
				SWIFT_OPTIMIZATION_LEVEL = "-O";
				SWIFT_STRICT_CONCURRENCY = complete;
				VALIDATE_PRODUCT = YES;
			};
			name = Release;
		};
		76E026BF2A4145430018A955 /* Debug */ = {
			isa = XCBuildConfiguration;
			buildSettings = {
				ASSETCATALOG_COMPILER_APPICON_NAME = AppIcon;
				ASSETCATALOG_COMPILER_GLOBAL_ACCENT_COLOR_NAME = AccentColor;
				CODE_SIGN_STYLE = Automatic;
				CURRENT_PROJECT_VERSION = 3;
				DEVELOPMENT_ASSET_PATHS = "\"Preview Content\"";
				DEVELOPMENT_TEAM = S2X9VNR2UC;
				ENABLE_PREVIEWS = YES;
				GENERATE_INFOPLIST_FILE = YES;
				INFOPLIST_KEY_UIApplicationSceneManifest_Generation = YES;
				INFOPLIST_KEY_UIApplicationSupportsIndirectInputEvents = YES;
				INFOPLIST_KEY_UILaunchScreen_Generation = YES;
				INFOPLIST_KEY_UISupportedInterfaceOrientations_iPad = "UIInterfaceOrientationPortrait UIInterfaceOrientationPortraitUpsideDown UIInterfaceOrientationLandscapeLeft UIInterfaceOrientationLandscapeRight";
				INFOPLIST_KEY_UISupportedInterfaceOrientations_iPhone = "UIInterfaceOrientationPortrait UIInterfaceOrientationLandscapeLeft UIInterfaceOrientationLandscapeRight";
				IPHONEOS_DEPLOYMENT_TARGET = 16.0;
				LD_RUNPATH_SEARCH_PATHS = (
					"$(inherited)",
					"@executable_path/Frameworks",
				);
				MARKETING_VERSION = 1.0;
				PRODUCT_BUNDLE_IDENTIFIER = io.rangliste.ios;
				PRODUCT_NAME = "$(TARGET_NAME)";
				SWIFT_EMIT_LOC_STRINGS = YES;
				SWIFT_VERSION = 5.0;
				TARGETED_DEVICE_FAMILY = "1,2";
			};
			name = Debug;
		};
		76E026C02A4145430018A955 /* Release */ = {
			isa = XCBuildConfiguration;
			buildSettings = {
				ASSETCATALOG_COMPILER_APPICON_NAME = AppIcon;
				ASSETCATALOG_COMPILER_GLOBAL_ACCENT_COLOR_NAME = AccentColor;
				CODE_SIGN_STYLE = Automatic;
				CURRENT_PROJECT_VERSION = 3;
				DEVELOPMENT_ASSET_PATHS = "\"Preview Content\"";
				DEVELOPMENT_TEAM = S2X9VNR2UC;
				ENABLE_PREVIEWS = YES;
				GENERATE_INFOPLIST_FILE = YES;
				INFOPLIST_KEY_UIApplicationSceneManifest_Generation = YES;
				INFOPLIST_KEY_UIApplicationSupportsIndirectInputEvents = YES;
				INFOPLIST_KEY_UILaunchScreen_Generation = YES;
				INFOPLIST_KEY_UISupportedInterfaceOrientations_iPad = "UIInterfaceOrientationPortrait UIInterfaceOrientationPortraitUpsideDown UIInterfaceOrientationLandscapeLeft UIInterfaceOrientationLandscapeRight";
				INFOPLIST_KEY_UISupportedInterfaceOrientations_iPhone = "UIInterfaceOrientationPortrait UIInterfaceOrientationLandscapeLeft UIInterfaceOrientationLandscapeRight";
				IPHONEOS_DEPLOYMENT_TARGET = 16.0;
				LD_RUNPATH_SEARCH_PATHS = (
					"$(inherited)",
					"@executable_path/Frameworks",
				);
				MARKETING_VERSION = 1.0;
				PRODUCT_BUNDLE_IDENTIFIER = io.rangliste.ios;
				PRODUCT_NAME = "$(TARGET_NAME)";
				SWIFT_EMIT_LOC_STRINGS = YES;
				SWIFT_VERSION = 5.0;
				TARGETED_DEVICE_FAMILY = "1,2";
			};
			name = Release;
		};
		76F54E7A2A93E338005D4E81 /* Debug */ = {
			isa = XCBuildConfiguration;
			buildSettings = {
				ASSETCATALOG_COMPILER_GENERATE_SWIFT_ASSET_SYMBOL_EXTENSIONS = YES;
				BUNDLE_LOADER = "$(TEST_HOST)";
				CODE_SIGN_STYLE = Automatic;
				CURRENT_PROJECT_VERSION = 1;
				DEVELOPMENT_TEAM = S2X9VNR2UC;
				ENABLE_USER_SCRIPT_SANDBOXING = YES;
				GCC_C_LANGUAGE_STANDARD = gnu17;
				GENERATE_INFOPLIST_FILE = YES;
				IPHONEOS_DEPLOYMENT_TARGET = 16.0;
				LOCALIZATION_PREFERS_STRING_CATALOGS = YES;
				MARKETING_VERSION = 1.0;
				PRODUCT_BUNDLE_IDENTIFIER = rangliste.RanglisteTests;
				PRODUCT_NAME = "$(TARGET_NAME)";
				SWIFT_ACTIVE_COMPILATION_CONDITIONS = "DEBUG $(inherited)";
				SWIFT_EMIT_LOC_STRINGS = NO;
				SWIFT_VERSION = 5.0;
				TARGETED_DEVICE_FAMILY = "1,2";
				TEST_HOST = "$(BUILT_PRODUCTS_DIR)/Rangliste.app/$(BUNDLE_EXECUTABLE_FOLDER_PATH)/Rangliste";
			};
			name = Debug;
		};
		76F54E7B2A93E338005D4E81 /* Release */ = {
			isa = XCBuildConfiguration;
			buildSettings = {
				ASSETCATALOG_COMPILER_GENERATE_SWIFT_ASSET_SYMBOL_EXTENSIONS = YES;
				BUNDLE_LOADER = "$(TEST_HOST)";
				CODE_SIGN_STYLE = Automatic;
				CURRENT_PROJECT_VERSION = 1;
				DEVELOPMENT_TEAM = S2X9VNR2UC;
				ENABLE_USER_SCRIPT_SANDBOXING = YES;
				GCC_C_LANGUAGE_STANDARD = gnu17;
				GENERATE_INFOPLIST_FILE = YES;
				IPHONEOS_DEPLOYMENT_TARGET = 16.0;
				LOCALIZATION_PREFERS_STRING_CATALOGS = YES;
				MARKETING_VERSION = 1.0;
				PRODUCT_BUNDLE_IDENTIFIER = rangliste.RanglisteTests;
				PRODUCT_NAME = "$(TARGET_NAME)";
				SWIFT_EMIT_LOC_STRINGS = NO;
				SWIFT_VERSION = 5.0;
				TARGETED_DEVICE_FAMILY = "1,2";
				TEST_HOST = "$(BUILT_PRODUCTS_DIR)/Rangliste.app/$(BUNDLE_EXECUTABLE_FOLDER_PATH)/Rangliste";
			};
			name = Release;
		};
/* End XCBuildConfiguration section */

/* Begin XCConfigurationList section */
		76BF604E2A8C8F04003D2EE2 /* Build configuration list for PBXNativeTarget "RealmModels" */ = {
			isa = XCConfigurationList;
			buildConfigurations = (
				76BF604F2A8C8F04003D2EE2 /* Debug */,
				76BF60502A8C8F04003D2EE2 /* Release */,
			);
			defaultConfigurationIsVisible = 0;
			defaultConfigurationName = Release;
		};
		76E026AB2A4145420018A955 /* Build configuration list for PBXProject "Rangliste" */ = {
			isa = XCConfigurationList;
			buildConfigurations = (
				76E026BC2A4145430018A955 /* Debug */,
				76E026BD2A4145430018A955 /* Release */,
			);
			defaultConfigurationIsVisible = 0;
			defaultConfigurationName = Release;
		};
		76E026BE2A4145430018A955 /* Build configuration list for PBXNativeTarget "Rangliste" */ = {
			isa = XCConfigurationList;
			buildConfigurations = (
				76E026BF2A4145430018A955 /* Debug */,
				76E026C02A4145430018A955 /* Release */,
			);
			defaultConfigurationIsVisible = 0;
			defaultConfigurationName = Release;
		};
		76F54E792A93E338005D4E81 /* Build configuration list for PBXNativeTarget "RanglisteTests" */ = {
			isa = XCConfigurationList;
			buildConfigurations = (
				76F54E7A2A93E338005D4E81 /* Debug */,
				76F54E7B2A93E338005D4E81 /* Release */,
			);
			defaultConfigurationIsVisible = 0;
			defaultConfigurationName = Release;
		};
/* End XCConfigurationList section */

/* Begin XCRemoteSwiftPackageReference section */
		76BF60402A8C8E57003D2EE2 /* XCRemoteSwiftPackageReference "realm-swift" */ = {
			isa = XCRemoteSwiftPackageReference;
			repositoryURL = "https://github.com/realm/realm-swift";
			requirement = {
				branch = master;
				kind = branch;
			};
		};
		76F54E6C2A93D967005D4E81 /* XCRemoteSwiftPackageReference "swift-collections" */ = {
			isa = XCRemoteSwiftPackageReference;
			repositoryURL = "https://github.com/apple/swift-collections.git";
			requirement = {
				kind = upToNextMajorVersion;
				minimumVersion = 1.0.4;
			};
		};
/* End XCRemoteSwiftPackageReference section */

/* Begin XCSwiftPackageProductDependency section */
		76BF60572A8C8FCC003D2EE2 /* RealmSwift */ = {
			isa = XCSwiftPackageProductDependency;
			package = 76BF60402A8C8E57003D2EE2 /* XCRemoteSwiftPackageReference "realm-swift" */;
			productName = RealmSwift;
		};
		76F54E6D2A93D967005D4E81 /* OrderedCollections */ = {
			isa = XCSwiftPackageProductDependency;
			package = 76F54E6C2A93D967005D4E81 /* XCRemoteSwiftPackageReference "swift-collections" */;
			productName = OrderedCollections;
		};
/* End XCSwiftPackageProductDependency section */
	};
	rootObject = 76E026A82A4145420018A955 /* Project object */;
}
